
Microsoft Visual Studio Solution File, Format Version 12.00
Project("{FAE04EC0-301F-11D3-BF4B-00C04F79EFBC}") = "BEAUTIFY_COMMAND.API", "BEAUTIFY_COMMAND.API\BEAUTIFY_COMMAND.API.csproj", "{0F1961ED-412B-4D72-A97E-18D26E294553}"
EndProject
Project("{FAE04EC0-301F-11D3-BF4B-00C04F79EFBC}") = "BEAUTIFY_COMMAND.APPLICATION", "BEAUTIFY_COMMAND.APPLICATION\BEAUTIFY_COMMAND.APPLICATION.csproj", "{1A79A202-95CA-487F-880E-CC09F7CB6547}"
EndProject
Project("{FAE04EC0-301F-11D3-BF4B-00C04F79EFBC}") = "BEAUTIFY_COMMAND.PRESENTATION", "BEAUTIFY_COMMAND.PRESENTATION\BEAUTIFY_COMMAND.PRESENTATION.csproj", "{9352555A-A783-43E5-AB67-8AB93AAB9AE9}"
EndProject
Project("{FAE04EC0-301F-11D3-BF4B-00C04F79EFBC}") = "BEAUTIFY_COMMAND.CONTRACT", "BEAUTIFY_COMMAND.CONTRACT\BEAUTIFY_COMMAND.CONTRACT.csproj", "{DA658E57-B6F6-498C-888E-42E5AD4E4439}"
EndProject
Project("{FAE04EC0-301F-11D3-BF4B-00C04F79EFBC}") = "BEAUTIFY_COMMAND.DOMAIN", "BEAUTIFY_COMMAND.DOMAIN\BEAUTIFY_COMMAND.DOMAIN.csproj", "{7CBD3562-47D0-49ED-B380-DD06FC11FECC}"
EndProject
Project("{FAE04EC0-301F-11D3-BF4B-00C04F79EFBC}") = "BEAUTIFY_COMMAND.PERSISTENCE", "BEAUTIFY_COMMAND.PERSISTENCE\BEAUTIFY_COMMAND.PERSISTENCE.csproj", "{98E38A2C-540A-4015-BCBC-9EB4E8DEAC63}"
EndProject
Project("{FAE04EC0-301F-11D3-BF4B-00C04F79EFBC}") = "BEAUTIFY_COMMAND.INFRASTRUCTURE", "BEAUTIFY_COMMAND.INFRASTRUCTURE\BEAUTIFY_COMMAND.INFRASTRUCTURE.csproj", "{596EDBAA-7180-49EE-91AD-D79B61E973A5}"
EndProject
Global
	GlobalSection(SolutionConfigurationPlatforms) = preSolution
		Debug|Any CPU = Debug|Any CPU
		Release|Any CPU = Release|Any CPU
	EndGlobalSection
	GlobalSection(ProjectConfigurationPlatforms) = postSolution
		{0F1961ED-412B-4D72-A97E-18D26E294553}.Debug|Any CPU.ActiveCfg = Debug|Any CPU
		{0F1961ED-412B-4D72-A97E-18D26E294553}.Debug|Any CPU.Build.0 = Debug|Any CPU
		{0F1961ED-412B-4D72-A97E-18D26E294553}.Release|Any CPU.ActiveCfg = Release|Any CPU
		{0F1961ED-412B-4D72-A97E-18D26E294553}.Release|Any CPU.Build.0 = Release|Any CPU
		{1A79A202-95CA-487F-880E-CC09F7CB6547}.Debug|Any CPU.ActiveCfg = Debug|Any CPU
		{1A79A202-95CA-487F-880E-CC09F7CB6547}.Debug|Any CPU.Build.0 = Debug|Any CPU
		{1A79A202-95CA-487F-880E-CC09F7CB6547}.Release|Any CPU.ActiveCfg = Release|Any CPU
		{1A79A202-95CA-487F-880E-CC09F7CB6547}.Release|Any CPU.Build.0 = Release|Any CPU
		{9352555A-A783-43E5-AB67-8AB93AAB9AE9}.Debug|Any CPU.ActiveCfg = Debug|Any CPU
		{9352555A-A783-43E5-AB67-8AB93AAB9AE9}.Debug|Any CPU.Build.0 = Debug|Any CPU
		{9352555A-A783-43E5-AB67-8AB93AAB9AE9}.Release|Any CPU.ActiveCfg = Release|Any CPU
		{9352555A-A783-43E5-AB67-8AB93AAB9AE9}.Release|Any CPU.Build.0 = Release|Any CPU
		{DA658E57-B6F6-498C-888E-42E5AD4E4439}.Debug|Any CPU.ActiveCfg = Debug|Any CPU
		{DA658E57-B6F6-498C-888E-42E5AD4E4439}.Debug|Any CPU.Build.0 = Debug|Any CPU
		{DA658E57-B6F6-498C-888E-42E5AD4E4439}.Release|Any CPU.ActiveCfg = Release|Any CPU
		{DA658E57-B6F6-498C-888E-42E5AD4E4439}.Release|Any CPU.Build.0 = Release|Any CPU
		{7CBD3562-47D0-49ED-B380-DD06FC11FECC}.Debug|Any CPU.ActiveCfg = Debug|Any CPU
		{7CBD3562-47D0-49ED-B380-DD06FC11FECC}.Debug|Any CPU.Build.0 = Debug|Any CPU
		{7CBD3562-47D0-49ED-B380-DD06FC11FECC}.Release|Any CPU.ActiveCfg = Release|Any CPU
		{7CBD3562-47D0-49ED-B380-DD06FC11FECC}.Release|Any CPU.Build.0 = Release|Any CPU
		{98E38A2C-540A-4015-BCBC-9EB4E8DEAC63}.Debug|Any CPU.ActiveCfg = Debug|Any CPU
		{98E38A2C-540A-4015-BCBC-9EB4E8DEAC63}.Debug|Any CPU.Build.0 = Debug|Any CPU
		{98E38A2C-540A-4015-BCBC-9EB4E8DEAC63}.Release|Any CPU.ActiveCfg = Release|Any CPU
		{98E38A2C-540A-4015-BCBC-9EB4E8DEAC63}.Release|Any CPU.Build.0 = Release|Any CPU
		{596EDBAA-7180-49EE-91AD-D79B61E973A5}.Debug|Any CPU.ActiveCfg = Debug|Any CPU
		{596EDBAA-7180-49EE-91AD-D79B61E973A5}.Debug|Any CPU.Build.0 = Debug|Any CPU
		{596EDBAA-7180-49EE-91AD-D79B61E973A5}.Release|Any CPU.ActiveCfg = Release|Any CPU
		{596EDBAA-7180-49EE-91AD-D79B61E973A5}.Release|Any CPU.Build.0 = Release|Any CPU
	EndGlobalSection
EndGlobal
